
Microsoft Visual Studio Solution File, Format Version 11.00
# Visual Studio 2010
Project("{8BC9CEB8-8B4A-11D0-8D11-00A0C91BC942}") = "JASDK_demo", "JASDK_demo\JASDK_demo.vcxproj", "{52AD09FF-52E5-4AC8-8E80-130493D2C39F}"
EndProject
Global
	GlobalSection(SolutionConfigurationPlatforms) = preSolution
		Debug|Win32 = Debug|Win32
		Release|Win32 = Release|Win32
		Template|Win32 = Template|Win32
	EndGlobalSection
	GlobalSection(ProjectConfigurationPlatforms) = postSolution
		{52AD09FF-52E5-4AC8-8E80-130493D2C39F}.Debug|Win32.ActiveCfg = Debug|Win32
		{52AD09FF-52E5-4AC8-8E80-130493D2C39F}.Debug|Win32.Build.0 = Debug|Win32
		{52AD09FF-52E5-4AC8-8E80-130493D2C39F}.Release|Win32.ActiveCfg = Debug|Win32
		{52AD09FF-52E5-4AC8-8E80-130493D2C39F}.Release|Win32.Build.0 = Debug|Win32
		{52AD09FF-52E5-4AC8-8E80-130493D2C39F}.Template|Win32.ActiveCfg = Release|Win32
		{52AD09FF-52E5-4AC8-8E80-130493D2C39F}.Template|Win32.Build.0 = Release|Win32
	EndGlobalSection
	GlobalSection(SolutionProperties) = preSolution
		HideSolutionNode = FALSE
	EndGlobalSection
EndGlobal
